
Microsoft Visual Studio Solution File, Format Version 12.00
# Visual Studio 15
VisualStudioVersion = 15.0.27130.2026
MinimumVisualStudioVersion = 10.0.40219.1
Project("{FAE04EC0-301F-11D3-BF4B-00C04F79EFBC}") = "Spalvos", "Spalvos\Spalvos.csproj", "{419A6DF1-5E64-4030-B091-22244983A78F}"
EndProject
Project("{FAE04EC0-301F-11D3-BF4B-00C04F79EFBC}") = "Spalvos2", "Spalvos2\Spalvos2.csproj", "{B9C60404-AA8D-4865-90F2-D1C063529E7E}"
EndProject
Global
	GlobalSection(SolutionConfigurationPlatforms) = preSolution
		Debug|Any CPU = Debug|Any CPU
		Release|Any CPU = Release|Any CPU
	EndGlobalSection
	GlobalSection(ProjectConfigurationPlatforms) = postSolution
		{419A6DF1-5E64-4030-B091-22244983A78F}.Debug|Any CPU.ActiveCfg = Debug|Any CPU
		{419A6DF1-5E64-4030-B091-22244983A78F}.Debug|Any CPU.Build.0 = Debug|Any CPU
		{419A6DF1-5E64-4030-B091-22244983A78F}.Release|Any CPU.ActiveCfg = Release|Any CPU
		{419A6DF1-5E64-4030-B091-22244983A78F}.Release|Any CPU.Build.0 = Release|Any CPU
		{B9C60404-AA8D-4865-90F2-D1C063529E7E}.Debug|Any CPU.ActiveCfg = Debug|Any CPU
		{B9C60404-AA8D-4865-90F2-D1C063529E7E}.Debug|Any CPU.Build.0 = Debug|Any CPU
		{B9C60404-AA8D-4865-90F2-D1C063529E7E}.Release|Any CPU.ActiveCfg = Release|Any CPU
		{B9C60404-AA8D-4865-90F2-D1C063529E7E}.Release|Any CPU.Build.0 = Release|Any CPU
	EndGlobalSection
	GlobalSection(SolutionProperties) = preSolution
		HideSolutionNode = FALSE
	EndGlobalSection
	GlobalSection(ExtensibilityGlobals) = postSolution
		SolutionGuid = {29A5229D-A067-4117-89A1-34D2F7BD4B18}
	EndGlobalSection
EndGlobal
